
Microsoft Visual Studio Solution File, Format Version 12.00
# Visual Studio Version 16
VisualStudioVersion = 16.0.30804.86
MinimumVisualStudioVersion = 10.0.40219.1
Project("{FAE04EC0-301F-11D3-BF4B-00C04F79EFBC}") = "Juice-Demo-Modulr.Core", "Juice-Demo-Modulr.Core\Juice-Demo-Modulr.Core.csproj", "{6CD322A5-BB90-4101-9906-5EF5AFE38810}"
EndProject
Project("{FAE04EC0-301F-11D3-BF4B-00C04F79EFBC}") = "Juice-Demo-Modulr.API", "Juice-Demo-Modulr.API\Juice-Demo-Modulr.API.csproj", "{D098E741-9771-4AF8-B751-DE9ED672C1E9}"
EndProject
Project("{FAE04EC0-301F-11D3-BF4B-00C04F79EFBC}") = "Juice-Demo-Modulr.Test", "Juice-Demo-Modulr.Test\Juice-Demo-Modulr.Test.csproj", "{7E8E70BD-C948-4F7A-9F6C-19D9CD1FC0C6}"
EndProject
Global
	GlobalSection(SolutionConfigurationPlatforms) = preSolution
		Debug|Any CPU = Debug|Any CPU
		Release|Any CPU = Release|Any CPU
	EndGlobalSection
	GlobalSection(ProjectConfigurationPlatforms) = postSolution
		{6CD322A5-BB90-4101-9906-5EF5AFE38810}.Debug|Any CPU.ActiveCfg = Debug|Any CPU
		{6CD322A5-BB90-4101-9906-5EF5AFE38810}.Debug|Any CPU.Build.0 = Debug|Any CPU
		{6CD322A5-BB90-4101-9906-5EF5AFE38810}.Release|Any CPU.ActiveCfg = Release|Any CPU
		{6CD322A5-BB90-4101-9906-5EF5AFE38810}.Release|Any CPU.Build.0 = Release|Any CPU
		{D098E741-9771-4AF8-B751-DE9ED672C1E9}.Debug|Any CPU.ActiveCfg = Debug|Any CPU
		{D098E741-9771-4AF8-B751-DE9ED672C1E9}.Debug|Any CPU.Build.0 = Debug|Any CPU
		{D098E741-9771-4AF8-B751-DE9ED672C1E9}.Release|Any CPU.ActiveCfg = Release|Any CPU
		{D098E741-9771-4AF8-B751-DE9ED672C1E9}.Release|Any CPU.Build.0 = Release|Any CPU
		{7E8E70BD-C948-4F7A-9F6C-19D9CD1FC0C6}.Debug|Any CPU.ActiveCfg = Debug|Any CPU
		{7E8E70BD-C948-4F7A-9F6C-19D9CD1FC0C6}.Debug|Any CPU.Build.0 = Debug|Any CPU
		{7E8E70BD-C948-4F7A-9F6C-19D9CD1FC0C6}.Release|Any CPU.ActiveCfg = Release|Any CPU
		{7E8E70BD-C948-4F7A-9F6C-19D9CD1FC0C6}.Release|Any CPU.Build.0 = Release|Any CPU
	EndGlobalSection
	GlobalSection(SolutionProperties) = preSolution
		HideSolutionNode = FALSE
	EndGlobalSection
	GlobalSection(ExtensibilityGlobals) = postSolution
		SolutionGuid = {A2B94810-EE67-41B4-AACE-FCE703F49CF2}
	EndGlobalSection
EndGlobal
